
Microsoft Visual Studio Solution File, Format Version 12.00
# Visual Studio 15
VisualStudioVersion = 15.0.27703.2018
MinimumVisualStudioVersion = 10.0.40219.1
Project("{FAE04EC0-301F-11D3-BF4B-00C04F79EFBC}") = "Desafio", "Desafio\Desafio.csproj", "{5B59410D-86C1-4DEF-8971-F21682244AFB}"
EndProject
Project("{FAE04EC0-301F-11D3-BF4B-00C04F79EFBC}") = "Desafio.Repository", "Desafio.Repository\Desafio.Repository.csproj", "{CB31CC93-1394-4B39-94DD-59BCB969A1A8}"
EndProject
Project("{FAE04EC0-301F-11D3-BF4B-00C04F79EFBC}") = "Desafio.Services", "Desafio.Services\Desafio.Services.csproj", "{7DC9C795-2C66-4D5D-962E-85554C46E326}"
EndProject
Project("{FAE04EC0-301F-11D3-BF4B-00C04F79EFBC}") = "Desafio.Contracts", "Desafio.Contracts\Desafio.Contracts.csproj", "{3DC3A650-5C81-4CDF-9092-7BECCDA7560B}"
EndProject
Project("{2150E333-8FDC-42A3-9474-1A3956D46DE8}") = "Tests", "Tests", "{B7F7C346-BE4D-488C-B224-B590CA967D2D}"
EndProject
Project("{FAE04EC0-301F-11D3-BF4B-00C04F79EFBC}") = "Desafio.Web.Tests", "Desafio.Web.Tests\Desafio.Web.Tests.csproj", "{253F9595-AB9C-4E69-B496-CF408871FB8B}"
EndProject
Project("{FAE04EC0-301F-11D3-BF4B-00C04F79EFBC}") = "Desafio.Services.Tests", "Desafio.Services.Tests\Desafio.Services.Tests.csproj", "{B7C775FD-209F-41EB-A9AF-3E95D43A47BC}"
EndProject
Global
	GlobalSection(SolutionConfigurationPlatforms) = preSolution
		Debug|Any CPU = Debug|Any CPU
		Release|Any CPU = Release|Any CPU
	EndGlobalSection
	GlobalSection(ProjectConfigurationPlatforms) = postSolution
		{5B59410D-86C1-4DEF-8971-F21682244AFB}.Debug|Any CPU.ActiveCfg = Debug|Any CPU
		{5B59410D-86C1-4DEF-8971-F21682244AFB}.Debug|Any CPU.Build.0 = Debug|Any CPU
		{5B59410D-86C1-4DEF-8971-F21682244AFB}.Release|Any CPU.ActiveCfg = Release|Any CPU
		{5B59410D-86C1-4DEF-8971-F21682244AFB}.Release|Any CPU.Build.0 = Release|Any CPU
		{CB31CC93-1394-4B39-94DD-59BCB969A1A8}.Debug|Any CPU.ActiveCfg = Debug|Any CPU
		{CB31CC93-1394-4B39-94DD-59BCB969A1A8}.Debug|Any CPU.Build.0 = Debug|Any CPU
		{CB31CC93-1394-4B39-94DD-59BCB969A1A8}.Release|Any CPU.ActiveCfg = Release|Any CPU
		{CB31CC93-1394-4B39-94DD-59BCB969A1A8}.Release|Any CPU.Build.0 = Release|Any CPU
		{7DC9C795-2C66-4D5D-962E-85554C46E326}.Debug|Any CPU.ActiveCfg = Debug|Any CPU
		{7DC9C795-2C66-4D5D-962E-85554C46E326}.Debug|Any CPU.Build.0 = Debug|Any CPU
		{7DC9C795-2C66-4D5D-962E-85554C46E326}.Release|Any CPU.ActiveCfg = Release|Any CPU
		{7DC9C795-2C66-4D5D-962E-85554C46E326}.Release|Any CPU.Build.0 = Release|Any CPU
		{3DC3A650-5C81-4CDF-9092-7BECCDA7560B}.Debug|Any CPU.ActiveCfg = Debug|Any CPU
		{3DC3A650-5C81-4CDF-9092-7BECCDA7560B}.Debug|Any CPU.Build.0 = Debug|Any CPU
		{3DC3A650-5C81-4CDF-9092-7BECCDA7560B}.Release|Any CPU.ActiveCfg = Release|Any CPU
		{3DC3A650-5C81-4CDF-9092-7BECCDA7560B}.Release|Any CPU.Build.0 = Release|Any CPU
		{253F9595-AB9C-4E69-B496-CF408871FB8B}.Debug|Any CPU.ActiveCfg = Debug|Any CPU
		{253F9595-AB9C-4E69-B496-CF408871FB8B}.Debug|Any CPU.Build.0 = Debug|Any CPU
		{253F9595-AB9C-4E69-B496-CF408871FB8B}.Release|Any CPU.ActiveCfg = Release|Any CPU
		{253F9595-AB9C-4E69-B496-CF408871FB8B}.Release|Any CPU.Build.0 = Release|Any CPU
		{B7C775FD-209F-41EB-A9AF-3E95D43A47BC}.Debug|Any CPU.ActiveCfg = Debug|Any CPU
		{B7C775FD-209F-41EB-A9AF-3E95D43A47BC}.Debug|Any CPU.Build.0 = Debug|Any CPU
		{B7C775FD-209F-41EB-A9AF-3E95D43A47BC}.Release|Any CPU.ActiveCfg = Release|Any CPU
		{B7C775FD-209F-41EB-A9AF-3E95D43A47BC}.Release|Any CPU.Build.0 = Release|Any CPU
	EndGlobalSection
	GlobalSection(SolutionProperties) = preSolution
		HideSolutionNode = FALSE
	EndGlobalSection
	GlobalSection(NestedProjects) = preSolution
		{253F9595-AB9C-4E69-B496-CF408871FB8B} = {B7F7C346-BE4D-488C-B224-B590CA967D2D}
		{B7C775FD-209F-41EB-A9AF-3E95D43A47BC} = {B7F7C346-BE4D-488C-B224-B590CA967D2D}
	EndGlobalSection
	GlobalSection(ExtensibilityGlobals) = postSolution
		SolutionGuid = {E346223A-0A4C-4B1F-BF61-4B3D42D8C4C0}
	EndGlobalSection
EndGlobal
